
Microsoft Visual Studio Solution File, Format Version 12.00
# Visual Studio 14
VisualStudioVersion = 14.0.25420.1
MinimumVisualStudioVersion = 10.0.40219.1
Project("{F184B08F-C81C-45F6-A57F-5ABD9991F28F}") = "RedSky", "RedSky\RedSky.vbproj", "{DD912738-55A3-4558-A547-3B8BBDEB7E30}"
EndProject
Project("{F184B08F-C81C-45F6-A57F-5ABD9991F28F}") = "RedSkyReports", "RedSkyReports\RedSkyReports.vbproj", "{3A8D0543-3EA7-467A-BBDB-8942E08B3B63}"
EndProject
Project("{54435603-DBB4-11D2-8724-00A0C9A8B90C}") = "RedSkySetup", "RedSkySetup\RedSkySetup.vdproj", "{A4BD24E7-664F-478F-A279-8B8FBB74A357}"
EndProject
Project("{54435603-DBB4-11D2-8724-00A0C9A8B90C}") = "RedSkyReportsSetup", "RedSkyReportsSetup\RedSkyReportsSetup.vdproj", "{68BD5263-B4E3-4712-8253-F9392D6E40CC}"
EndProject
Global
	GlobalSection(SolutionConfigurationPlatforms) = preSolution
		Debug|Any CPU = Debug|Any CPU
		Release|Any CPU = Release|Any CPU
	EndGlobalSection
	GlobalSection(ProjectConfigurationPlatforms) = postSolution
		{DD912738-55A3-4558-A547-3B8BBDEB7E30}.Debug|Any CPU.ActiveCfg = Debug|Any CPU
		{DD912738-55A3-4558-A547-3B8BBDEB7E30}.Debug|Any CPU.Build.0 = Debug|Any CPU
		{DD912738-55A3-4558-A547-3B8BBDEB7E30}.Release|Any CPU.ActiveCfg = Release|Any CPU
		{DD912738-55A3-4558-A547-3B8BBDEB7E30}.Release|Any CPU.Build.0 = Release|Any CPU
		{3A8D0543-3EA7-467A-BBDB-8942E08B3B63}.Debug|Any CPU.ActiveCfg = Debug|Any CPU
		{3A8D0543-3EA7-467A-BBDB-8942E08B3B63}.Debug|Any CPU.Build.0 = Debug|Any CPU
		{3A8D0543-3EA7-467A-BBDB-8942E08B3B63}.Release|Any CPU.ActiveCfg = Release|Any CPU
		{3A8D0543-3EA7-467A-BBDB-8942E08B3B63}.Release|Any CPU.Build.0 = Release|Any CPU
		{A4BD24E7-664F-478F-A279-8B8FBB74A357}.Debug|Any CPU.ActiveCfg = Debug
		{A4BD24E7-664F-478F-A279-8B8FBB74A357}.Release|Any CPU.ActiveCfg = Release
		{68BD5263-B4E3-4712-8253-F9392D6E40CC}.Debug|Any CPU.ActiveCfg = Debug
		{68BD5263-B4E3-4712-8253-F9392D6E40CC}.Release|Any CPU.ActiveCfg = Release
	EndGlobalSection
	GlobalSection(SolutionProperties) = preSolution
		HideSolutionNode = FALSE
	EndGlobalSection
EndGlobal
