
Microsoft Visual Studio Solution File, Format Version 12.00
# Visual Studio 14
VisualStudioVersion = 14.0.25420.1
MinimumVisualStudioVersion = 10.0.40219.1
Project("{F184B08F-C81C-45F6-A57F-5ABD9991F28F}") = "RedSky", "RedSky\RedSky.vbproj", "{DD912738-55A3-4558-A547-3B8BBDEB7E30}"
EndProject
Project("{F184B08F-C81C-45F6-A57F-5ABD9991F28F}") = "RedSkyReports", "RedSkyReports\RedSkyReports.vbproj", "{3A8D0543-3EA7-467A-BBDB-8942E08B3B63}"
EndProject
Project("{F184B08F-C81C-45F6-A57F-5ABD9991F28F}") = "RedSkyReportsService", "RedSkyReportsService\RedSkyReportsService.vbproj", "{D1381625-C954-4C64-A25F-9997A7F473AC}"
EndProject
Global
	GlobalSection(SolutionConfigurationPlatforms) = preSolution
		Debug|Any CPU = Debug|Any CPU
		Release|Any CPU = Release|Any CPU
	EndGlobalSection
	GlobalSection(ProjectConfigurationPlatforms) = postSolution
		{DD912738-55A3-4558-A547-3B8BBDEB7E30}.Debug|Any CPU.ActiveCfg = Debug|Any CPU
		{DD912738-55A3-4558-A547-3B8BBDEB7E30}.Debug|Any CPU.Build.0 = Debug|Any CPU
		{DD912738-55A3-4558-A547-3B8BBDEB7E30}.Release|Any CPU.ActiveCfg = Release|Any CPU
		{DD912738-55A3-4558-A547-3B8BBDEB7E30}.Release|Any CPU.Build.0 = Release|Any CPU
		{3A8D0543-3EA7-467A-BBDB-8942E08B3B63}.Debug|Any CPU.ActiveCfg = Debug|Any CPU
		{3A8D0543-3EA7-467A-BBDB-8942E08B3B63}.Debug|Any CPU.Build.0 = Debug|Any CPU
		{3A8D0543-3EA7-467A-BBDB-8942E08B3B63}.Release|Any CPU.ActiveCfg = Release|Any CPU
		{3A8D0543-3EA7-467A-BBDB-8942E08B3B63}.Release|Any CPU.Build.0 = Release|Any CPU
		{D1381625-C954-4C64-A25F-9997A7F473AC}.Debug|Any CPU.ActiveCfg = Debug|Any CPU
		{D1381625-C954-4C64-A25F-9997A7F473AC}.Debug|Any CPU.Build.0 = Debug|Any CPU
		{D1381625-C954-4C64-A25F-9997A7F473AC}.Release|Any CPU.ActiveCfg = Release|Any CPU
		{D1381625-C954-4C64-A25F-9997A7F473AC}.Release|Any CPU.Build.0 = Release|Any CPU
	EndGlobalSection
	GlobalSection(SolutionProperties) = preSolution
		HideSolutionNode = FALSE
	EndGlobalSection
EndGlobal
